
Microsoft Visual Studio Solution File, Format Version 11.00
# Visual Studio 2010
Project("{FAE04EC0-301F-11D3-BF4B-00C04F79EFBC}") = "PdfRename", "PdfRename\PdfRename.csproj", "{8A2CE2D7-3CB0-4CD0-A0BB-DAA6FE517109}"
EndProject
Global
	GlobalSection(SolutionConfigurationPlatforms) = preSolution
		Debug|x86 = Debug|x86
		Release|x86 = Release|x86
	EndGlobalSection
	GlobalSection(ProjectConfigurationPlatforms) = postSolution
		{8A2CE2D7-3CB0-4CD0-A0BB-DAA6FE517109}.Debug|x86.ActiveCfg = Debug|x86
		{8A2CE2D7-3CB0-4CD0-A0BB-DAA6FE517109}.Debug|x86.Build.0 = Debug|x86
		{8A2CE2D7-3CB0-4CD0-A0BB-DAA6FE517109}.Release|x86.ActiveCfg = Release|x86
		{8A2CE2D7-3CB0-4CD0-A0BB-DAA6FE517109}.Release|x86.Build.0 = Release|x86
	EndGlobalSection
	GlobalSection(MonoDevelopProperties) = preSolution
		StartupItem = PdfRename\PdfRename.csproj
	EndGlobalSection
EndGlobal
